
Microsoft Visual Studio Solution File, Format Version 12.00
# Visual Studio Version 17
VisualStudioVersion = 17.11.35312.102
MinimumVisualStudioVersion = 10.0.40219.1
Project("{FAE04EC0-301F-11D3-BF4B-00C04F79EFBC}") = "lab6_task04", "lab6_task04.csproj", "{FEC9BD51-93E7-4FCF-8B17-14F202700AD1}"
EndProject
Global
	GlobalSection(SolutionConfigurationPlatforms) = preSolution
		Debug|Any CPU = Debug|Any CPU
		Release|Any CPU = Release|Any CPU
	EndGlobalSection
	GlobalSection(ProjectConfigurationPlatforms) = postSolution
		{FEC9BD51-93E7-4FCF-8B17-14F202700AD1}.Debug|Any CPU.ActiveCfg = Debug|Any CPU
		{FEC9BD51-93E7-4FCF-8B17-14F202700AD1}.Debug|Any CPU.Build.0 = Debug|Any CPU
		{FEC9BD51-93E7-4FCF-8B17-14F202700AD1}.Release|Any CPU.ActiveCfg = Release|Any CPU
		{FEC9BD51-93E7-4FCF-8B17-14F202700AD1}.Release|Any CPU.Build.0 = Release|Any CPU
	EndGlobalSection
	GlobalSection(SolutionProperties) = preSolution
		HideSolutionNode = FALSE
	EndGlobalSection
	GlobalSection(ExtensibilityGlobals) = postSolution
		SolutionGuid = {94812F32-4BDD-4FC4-A1B0-26F644EF34A7}
	EndGlobalSection
EndGlobal
