
Microsoft Visual Studio Solution File, Format Version 12.00
# Visual Studio Version 17
VisualStudioVersion = 17.11.35312.102
MinimumVisualStudioVersion = 10.0.40219.1
Project("{FAE04EC0-301F-11D3-BF4B-00C04F79EFBC}") = "lab6_task08", "lab6_task08.csproj", "{0B735996-E46A-4465-A49D-C0191C2B37CA}"
EndProject
Global
	GlobalSection(SolutionConfigurationPlatforms) = preSolution
		Debug|Any CPU = Debug|Any CPU
		Release|Any CPU = Release|Any CPU
	EndGlobalSection
	GlobalSection(ProjectConfigurationPlatforms) = postSolution
		{0B735996-E46A-4465-A49D-C0191C2B37CA}.Debug|Any CPU.ActiveCfg = Debug|Any CPU
		{0B735996-E46A-4465-A49D-C0191C2B37CA}.Debug|Any CPU.Build.0 = Debug|Any CPU
		{0B735996-E46A-4465-A49D-C0191C2B37CA}.Release|Any CPU.ActiveCfg = Release|Any CPU
		{0B735996-E46A-4465-A49D-C0191C2B37CA}.Release|Any CPU.Build.0 = Release|Any CPU
	EndGlobalSection
	GlobalSection(SolutionProperties) = preSolution
		HideSolutionNode = FALSE
	EndGlobalSection
	GlobalSection(ExtensibilityGlobals) = postSolution
		SolutionGuid = {0434CD6E-40F4-4665-B2DD-74B709C4F16F}
	EndGlobalSection
EndGlobal
